// !$*UTF8*$!
{
	archiveVersion = 1;
	classes = {
	};
	objectVersion = 50;
	objects = {

/* Begin PBXBuildFile section */
		D46BD9E320E3AA140077AD97 /* AppDelegate.m in Sources */ = {isa = PBXBuildFile; fileRef = D46BD9E220E3AA140077AD97 /* AppDelegate.m */; };
		D46BD9E620E3AA140077AD97 /* ViewController.m in Sources */ = {isa = PBXBuildFile; fileRef = D46BD9E520E3AA140077AD97 /* ViewController.m */; };
		D46BD9E920E3AA140077AD97 /* Main.storyboard in Resources */ = {isa = PBXBuildFile; fileRef = D46BD9E720E3AA140077AD97 /* Main.storyboard */; };
		D46BD9EB20E3AA150077AD97 /* Assets.xcassets in Resources */ = {isa = PBXBuildFile; fileRef = D46BD9EA20E3AA150077AD97 /* Assets.xcassets */; };
		D46BD9EE20E3AA150077AD97 /* LaunchScreen.storyboard in Resources */ = {isa = PBXBuildFile; fileRef = D46BD9EC20E3AA150077AD97 /* LaunchScreen.storyboard */; };
		D46BD9F120E3AA150077AD97 /* main.m in Sources */ = {isa = PBXBuildFile; fileRef = D46BD9F020E3AA150077AD97 /* main.m */; };
		D46BD9F820E3ACDC0077AD97 /* Default-568h@2x.png in Resources */ = {isa = PBXBuildFile; fileRef = D46BD9F720E3ACDC0077AD97 /* Default-568h@2x.png */; };
		D46BD9FC20E3B0DA0077AD97 /* MyView.m in Sources */ = {isa = PBXBuildFile; fileRef = D46BD9FB20E3B0DA0077AD97 /* MyView.m */; };
/* End PBXBuildFile section */

/* Begin PBXFileReference section */
		D46BD9DE20E3AA140077AD97 /* OGL.app */ = {isa = PBXFileReference; explicitFileType = wrapper.application; includeInIndex = 0; path = OGL.app; sourceTree = BUILT_PRODUCTS_DIR; };
		D46BD9E120E3AA140077AD97 /* AppDelegate.h */ = {isa = PBXFileReference; lastKnownFileType = sourcecode.c.h; path = AppDelegate.h; sourceTree = "<group>"; };
		D46BD9E220E3AA140077AD97 /* AppDelegate.m */ = {isa = PBXFileReference; lastKnownFileType = sourcecode.c.objc; path = AppDelegate.m; sourceTree = "<group>"; };
		D46BD9E420E3AA140077AD97 /* ViewController.h */ = {isa = PBXFileReference; lastKnownFileType = sourcecode.c.h; path = ViewController.h; sourceTree = "<group>"; };
		D46BD9E520E3AA140077AD97 /* ViewController.m */ = {isa = PBXFileReference; lastKnownFileType = sourcecode.c.objc; path = ViewController.m; sourceTree = "<group>"; };
		D46BD9E820E3AA140077AD97 /* Base */ = {isa = PBXFileReference; lastKnownFileType = file.storyboard; name = Base; path = Base.lproj/Main.storyboard; sourceTree = "<group>"; };
		D46BD9EA20E3AA150077AD97 /* Assets.xcassets */ = {isa = PBXFileReference; lastKnownFileType = folder.assetcatalog; path = Assets.xcassets; sourceTree = "<group>"; };
		D46BD9ED20E3AA150077AD97 /* Base */ = {isa = PBXFileReference; lastKnownFileType = file.storyboard; name = Base; path = Base.lproj/LaunchScreen.storyboard; sourceTree = "<group>"; };
		D46BD9EF20E3AA150077AD97 /* Info.plist */ = {isa = PBXFileReference; lastKnownFileType = text.plist.xml; path = Info.plist; sourceTree = "<group>"; };
		D46BD9F020E3AA150077AD97 /* main.m */ = {isa = PBXFileReference; lastKnownFileType = sourcecode.c.objc; path = main.m; sourceTree = "<group>"; };
		D46BD9F720E3ACDC0077AD97 /* Default-568h@2x.png */ = {isa = PBXFileReference; lastKnownFileType = image.png; path = "Default-568h@2x.png"; sourceTree = "<group>"; };
		D46BD9FA20E3B0DA0077AD97 /* MyView.h */ = {isa = PBXFileReference; fileEncoding = 4; lastKnownFileType = sourcecode.c.h; path = MyView.h; sourceTree = "<group>"; };
		D46BD9FB20E3B0DA0077AD97 /* MyView.m */ = {isa = PBXFileReference; fileEncoding = 4; lastKnownFileType = sourcecode.c.objc; path = MyView.m; sourceTree = "<group>"; };
/* End PBXFileReference section */

/* Begin PBXFrameworksBuildPhase section */
		D46BD9DB20E3AA140077AD97 /* Frameworks */ = {
			isa = PBXFrameworksBuildPhase;
			buildActionMask = 2147483647;
			files = (
			);
			runOnlyForDeploymentPostprocessing = 0;
		};
/* End PBXFrameworksBuildPhase section */

/* Begin PBXGroup section */
		D46BD9D520E3AA140077AD97 = {
			isa = PBXGroup;
			children = (
				D46BD9E020E3AA140077AD97 /* OGL */,
				D46BD9DF20E3AA140077AD97 /* Products */,
			);
			sourceTree = "<group>";
		};
		D46BD9DF20E3AA140077AD97 /* Products */ = {
			isa = PBXGroup;
			children = (
				D46BD9DE20E3AA140077AD97 /* OGL.app */,
			);
			name = Products;
			sourceTree = "<group>";
		};
		D46BD9E020E3AA140077AD97 /* OGL */ = {
			isa = PBXGroup;
			children = (
				D46BD9F920E3AD0B0077AD97 /* RESOURCES */,
				D46BD9E120E3AA140077AD97 /* AppDelegate.h */,
				D46BD9FB20E3B0DA0077AD97 /* MyView.m */,
				D46BD9E220E3AA140077AD97 /* AppDelegate.m */,
				D46BD9FA20E3B0DA0077AD97 /* MyView.h */,
				D46BD9E420E3AA140077AD97 /* ViewController.h */,
				D46BD9E520E3AA140077AD97 /* ViewController.m */,
				D46BD9E720E3AA140077AD97 /* Main.storyboard */,
				D46BD9EA20E3AA150077AD97 /* Assets.xcassets */,
				D46BD9EC20E3AA150077AD97 /* LaunchScreen.storyboard */,
				D46BD9EF20E3AA150077AD97 /* Info.plist */,
				D46BD9F020E3AA150077AD97 /* main.m */,
			);
			path = OGL;
			sourceTree = "<group>";
		};
		D46BD9F920E3AD0B0077AD97 /* RESOURCES */ = {
			isa = PBXGroup;
			children = (
				D46BD9F720E3ACDC0077AD97 /* Default-568h@2x.png */,
			);
			path = RESOURCES;
			sourceTree = "<group>";
		};
/* End PBXGroup section */

/* Begin PBXNativeTarget section */
		D46BD9DD20E3AA140077AD97 /* OGL */ = {
			isa = PBXNativeTarget;
			buildConfigurationList = D46BD9F420E3AA150077AD97 /* Build configuration list for PBXNativeTarget "OGL" */;
			buildPhases = (
				D46BD9DA20E3AA140077AD97 /* Sources */,
				D46BD9DB20E3AA140077AD97 /* Frameworks */,
				D46BD9DC20E3AA140077AD97 /* Resources */,
			);
			buildRules = (
			);
			dependencies = (
			);
			name = OGL;
			productName = OGL;
			productReference = D46BD9DE20E3AA140077AD97 /* OGL.app */;
			productType = "com.apple.product-type.application";
		};
/* End PBXNativeTarget section */

/* Begin PBXProject section */
		D46BD9D620E3AA140077AD97 /* Project object */ = {
			isa = PBXProject;
			attributes = {
				LastUpgradeCheck = 0940;
				TargetAttributes = {
					D46BD9DD20E3AA140077AD97 = {
						CreatedOnToolsVersion = 9.4.1;
					};
				};
			};
			buildConfigurationList = D46BD9D920E3AA140077AD97 /* Build configuration list for PBXProject "OGL" */;
			compatibilityVersion = "Xcode 9.3";
			developmentRegion = en;
			hasScannedForEncodings = 0;
			knownRegions = (
				en,
				Base,
			);
			mainGroup = D46BD9D520E3AA140077AD97;
			productRefGroup = D46BD9DF20E3AA140077AD97 /* Products */;
			projectDirPath = "";
			projectRoot = "";
			targets = (
				D46BD9DD20E3AA140077AD97 /* OGL */,
			);
		};
/* End PBXProject section */

/* Begin PBXResourcesBuildPhase section */
		D46BD9DC20E3AA140077AD97 /* Resources */ = {
			isa = PBXResourcesBuildPhase;
			buildActionMask = 2147483647;
			files = (
				D46BD9EE20E3AA150077AD97 /* LaunchScreen.storyboard in Resources */,
				D46BD9F820E3ACDC0077AD97 /* Default-568h@2x.png in Resources */,
				D46BD9EB20E3AA150077AD97 /* Assets.xcassets in Resources */,
				D46BD9E920E3AA140077AD97 /* Main.storyboard in Resources */,
			);
			runOnlyForDeploymentPostprocessing = 0;
		};
/* End PBXResourcesBuildPhase section */

/* Begin PBXSourcesBuildPhase section */
		D46BD9DA20E3AA140077AD97 /* Sources */ = {
			isa = PBXSourcesBuildPhase;
			buildActionMask = 2147483647;
			files = (
				D46BD9FC20E3B0DA0077AD97 /* MyView.m in Sources */,
				D46BD9E620E3AA140077AD97 /* ViewController.m in Sources */,
				D46BD9F120E3AA150077AD97 /* main.m in Sources */,
				D46BD9E320E3AA140077AD97 /* AppDelegate.m in Sources */,
			);
			runOnlyForDeploymentPostprocessing = 0;
		};
/* End PBXSourcesBuildPhase section */

/* Begin PBXVariantGroup section */
		D46BD9E720E3AA140077AD97 /* Main.storyboard */ = {
			isa = PBXVariantGroup;
			children = (
				D46BD9E820E3AA140077AD97 /* Base */,
			);
			name = Main.storyboard;
			sourceTree = "<group>";
		};
		D46BD9EC20E3AA150077AD97 /* LaunchScreen.storyboard */ = {
			isa = PBXVariantGroup;
			children = (
				D46BD9ED20E3AA150077AD97 /* Base */,
			);
			name = LaunchScreen.storyboard;
			sourceTree = "<group>";
		};
/* End PBXVariantGroup section */

/* Begin XCBuildConfiguration section */
		D46BD9F220E3AA150077AD97 /* Debug */ = {
			isa = XCBuildConfiguration;
			buildSettings = {
				ALWAYS_SEARCH_USER_PATHS = NO;
				CLANG_ANALYZER_NONNULL = YES;
				CLANG_ANALYZER_NUMBER_OBJECT_CONVERSION = YES_AGGRESSIVE;
				CLANG_CXX_LANGUAGE_STANDARD = "gnu++14";
				CLANG_CXX_LIBRARY = "libc++";
				CLANG_ENABLE_MODULES = YES;
				CLANG_ENABLE_OBJC_ARC = YES;
				CLANG_ENABLE_OBJC_WEAK = YES;
				CLANG_WARN_BLOCK_CAPTURE_AUTORELEASING = YES;
				CLANG_WARN_BOOL_CONVERSION = YES;
				CLANG_WARN_COMMA = YES;
				CLANG_WARN_CONSTANT_CONVERSION = YES;
				CLANG_WARN_DEPRECATED_OBJC_IMPLEMENTATIONS = YES;
				CLANG_WARN_DIRECT_OBJC_ISA_USAGE = YES_ERROR;
				CLANG_WARN_DOCUMENTATION_COMMENTS = YES;
				CLANG_WARN_EMPTY_BODY = YES;
				CLANG_WARN_ENUM_CONVERSION = YES;
				CLANG_WARN_INFINITE_RECURSION = YES;
				CLANG_WARN_INT_CONVERSION = YES;
				CLANG_WARN_NON_LITERAL_NULL_CONVERSION = YES;
				CLANG_WARN_OBJC_IMPLICIT_RETAIN_SELF = YES;
				CLANG_WARN_OBJC_LITERAL_CONVERSION = YES;
				CLANG_WARN_OBJC_ROOT_CLASS = YES_ERROR;
				CLANG_WARN_RANGE_LOOP_ANALYSIS = YES;
				CLANG_WARN_STRICT_PROTOTYPES = YES;
				CLANG_WARN_SUSPICIOUS_MOVE = YES;
				CLANG_WARN_UNGUARDED_AVAILABILITY = YES_AGGRESSIVE;
				CLANG_WARN_UNREACHABLE_CODE = YES;
				CLANG_WARN__DUPLICATE_METHOD_MATCH = YES;
				CODE_SIGN_IDENTITY = "iPhone Developer";
				COPY_PHASE_STRIP = NO;
				DEBUG_INFORMATION_FORMAT = dwarf;
				ENABLE_STRICT_OBJC_MSGSEND = YES;
				ENABLE_TESTABILITY = YES;
				GCC_C_LANGUAGE_STANDARD = gnu11;
				GCC_DYNAMIC_NO_PIC = NO;
				GCC_NO_COMMON_BLOCKS = YES;
				GCC_OPTIMIZATION_LEVEL = 0;
				GCC_PREPROCESSOR_DEFINITIONS = (
					"DEBUG=1",
					"$(inherited)",
				);
				GCC_WARN_64_TO_32_BIT_CONVERSION = YES;
				GCC_WARN_ABOUT_RETURN_TYPE = YES_ERROR;
				GCC_WARN_UNDECLARED_SELECTOR = YES;
				GCC_WARN_UNINITIALIZED_AUTOS = YES_AGGRESSIVE;
				GCC_WARN_UNUSED_FUNCTION = YES;
				GCC_WARN_UNUSED_VARIABLE = YES;
				IPHONEOS_DEPLOYMENT_TARGET = 11.4;
				MTL_ENABLE_DEBUG_INFO = YES;
				ONLY_ACTIVE_ARCH = YES;
				SDKROOT = iphoneos;
			};
			name = Debug;
		};
		D46BD9F320E3AA150077AD97 /* Release */ = {
			isa = XCBuildConfiguration;
			buildSettings = {
				ALWAYS_SEARCH_USER_PATHS = NO;
				CLANG_ANALYZER_NONNULL = YES;
				CLANG_ANALYZER_NUMBER_OBJECT_CONVERSION = YES_AGGRESSIVE;
				CLANG_CXX_LANGUAGE_STANDARD = "gnu++14";
				CLANG_CXX_LIBRARY = "libc++";
				CLANG_ENABLE_MODULES = YES;
				CLANG_ENABLE_OBJC_ARC = YES;
				CLANG_ENABLE_OBJC_WEAK = YES;
				CLANG_WARN_BLOCK_CAPTURE_AUTORELEASING = YES;
				CLANG_WARN_BOOL_CONVERSION = YES;
				CLANG_WARN_COMMA = YES;
				CLANG_WARN_CONSTANT_CONVERSION = YES;
				CLANG_WARN_DEPRECATED_OBJC_IMPLEMENTATIONS = YES;
				CLANG_WARN_DIRECT_OBJC_ISA_USAGE = YES_ERROR;
				CLANG_WARN_DOCUMENTATION_COMMENTS = YES;
				CLANG_WARN_EMPTY_BODY = YES;
				CLANG_WARN_ENUM_CONVERSION = YES;
				CLANG_WARN_INFINITE_RECURSION = YES;
				CLANG_WARN_INT_CONVERSION = YES;
				CLANG_WARN_NON_LITERAL_NULL_CONVERSION = YES;
				CLANG_WARN_OBJC_IMPLICIT_RETAIN_SELF = YES;
				CLANG_WARN_OBJC_LITERAL_CONVERSION = YES;
				CLANG_WARN_OBJC_ROOT_CLASS = YES_ERROR;
				CLANG_WARN_RANGE_LOOP_ANALYSIS = YES;
				CLANG_WARN_STRICT_PROTOTYPES = YES;
				CLANG_WARN_SUSPICIOUS_MOVE = YES;
				CLANG_WARN_UNGUARDED_AVAILABILITY = YES_AGGRESSIVE;
				CLANG_WARN_UNREACHABLE_CODE = YES;
				CLANG_WARN__DUPLICATE_METHOD_MATCH = YES;
				CODE_SIGN_IDENTITY = "iPhone Developer";
				COPY_PHASE_STRIP = NO;
				DEBUG_INFORMATION_FORMAT = "dwarf-with-dsym";
				ENABLE_NS_ASSERTIONS = NO;
				ENABLE_STRICT_OBJC_MSGSEND = YES;
				GCC_C_LANGUAGE_STANDARD = gnu11;
				GCC_NO_COMMON_BLOCKS = YES;
				GCC_WARN_64_TO_32_BIT_CONVERSION = YES;
				GCC_WARN_ABOUT_RETURN_TYPE = YES_ERROR;
				GCC_WARN_UNDECLARED_SELECTOR = YES;
				GCC_WARN_UNINITIALIZED_AUTOS = YES_AGGRESSIVE;
				GCC_WARN_UNUSED_FUNCTION = YES;
				GCC_WARN_UNUSED_VARIABLE = YES;
				IPHONEOS_DEPLOYMENT_TARGET = 11.4;
				MTL_ENABLE_DEBUG_INFO = NO;
				SDKROOT = iphoneos;
				VALIDATE_PRODUCT = YES;
			};
			name = Release;
		};
		D46BD9F520E3AA150077AD97 /* Debug */ = {
			isa = XCBuildConfiguration;
			buildSettings = {
				ASSETCATALOG_COMPILER_APPICON_NAME = AppIcon;
				CLANG_ENABLE_OBJC_ARC = NO;
				CODE_SIGN_STYLE = Manual;
				DEVELOPMENT_TEAM = "";
				INFOPLIST_FILE = OGL/Info.plist;
				IPHONEOS_DEPLOYMENT_TARGET = 11.3;
				LD_RUNPATH_SEARCH_PATHS = (
					"$(inherited)",
					"@executable_path/Frameworks",
				);
				PRODUCT_BUNDLE_IDENTIFIER = astromedicomp.org.OGL;
				PRODUCT_NAME = "$(TARGET_NAME)";
				PROVISIONING_PROFILE_SPECIFIER = "";
				TARGETED_DEVICE_FAMILY = 1;
			};
			name = Debug;
		};
		D46BD9F620E3AA150077AD97 /* Release */ = {
			isa = XCBuildConfiguration;
			buildSettings = {
				ASSETCATALOG_COMPILER_APPICON_NAME = AppIcon;
				CLANG_ENABLE_OBJC_ARC = NO;
				CODE_SIGN_STYLE = Manual;
				DEVELOPMENT_TEAM = "";
				INFOPLIST_FILE = OGL/Info.plist;
				IPHONEOS_DEPLOYMENT_TARGET = 11.3;
				LD_RUNPATH_SEARCH_PATHS = (
					"$(inherited)",
					"@executable_path/Frameworks",
				);
				PRODUCT_BUNDLE_IDENTIFIER = astromedicomp.org.OGL;
				PRODUCT_NAME = "$(TARGET_NAME)";
				PROVISIONING_PROFILE_SPECIFIER = "";
				TARGETED_DEVICE_FAMILY = 1;
			};
			name = Release;
		};
/* End XCBuildConfiguration section */

/* Begin XCConfigurationList section */
		D46BD9D920E3AA140077AD97 /* Build configuration list for PBXProject "OGL" */ = {
			isa = XCConfigurationList;
			buildConfigurations = (
				D46BD9F220E3AA150077AD97 /* Debug */,
				D46BD9F320E3AA150077AD97 /* Release */,
			);
			defaultConfigurationIsVisible = 0;
			defaultConfigurationName = Release;
		};
		D46BD9F420E3AA150077AD97 /* Build configuration list for PBXNativeTarget "OGL" */ = {
			isa = XCConfigurationList;
			buildConfigurations = (
				D46BD9F520E3AA150077AD97 /* Debug */,
				D46BD9F620E3AA150077AD97 /* Release */,
			);
			defaultConfigurationIsVisible = 0;
			defaultConfigurationName = Release;
		};
/* End XCConfigurationList section */
	};
	rootObject = D46BD9D620E3AA140077AD97 /* Project object */;
}
